{
  "name": "clouddoorclient",
  "version": "1.0.0",
  "lockfileVersion": 1,
  "requires": true,
  "dependencies": {
    "@snyk/protect": {
      "version": "1.1025.0",
      "resolved": "https://registry.npmjs.org/@snyk/protect/-/protect-1.1025.0.tgz",
      "integrity": "sha512-RK9tY2Aqujv5l9e/5nE4yiTilk8vxyB99VtJJ/6p9TZYhddCVQUUv+PNenhVVO3jkSD8/3gLWbPakIvQsFKynA=="
    },
    "after": {
      "version": "0.8.2",
      "resolved": "https://registry.npmjs.org/after/-/after-0.8.2.tgz",
      "integrity": "sha512-QbJ0NTQ/I9DI3uSJA4cbexiwQeRAfjPScqIbSjUDd9TOrcg6pTkdgziesOqxBMBzit8vFCTwrP27t13vFOORRA=="
    },
    "argv-tools": {
      "version": "0.1.1",
      "resolved": "https://npm.f-secure.com/nexus/content/groups/npm-all/argv-tools/-/argv-tools-0.1.1.tgz",
      "integrity": "sha512-Cc0dBvx4dvrjjKpyDA6w8RlNAw8Su30NvZbWl/Tv9ZALEVlLVkWQiHMi84Q0xNfpVuSaiQbYkdmWK8g1PLGhKw==",
      "requires": {
        "array-back": "^2.0.0",
        "find-replace": "^2.0.1"
      }
    },
    "array-back": {
      "version": "2.0.0",
      "resolved": "https://npm.f-secure.com/nexus/content/groups/npm-all/array-back/-/array-back-2.0.0.tgz",
      "integrity": "sha512-eJv4pLLufP3g5kcZry0j6WXpIbzYw9GUB4mVJZno9wfwiBxbizTnHCw3VJb07cBihbFX48Y7oSrW9y+gt4glyw==",
      "requires": {
        "typical": "^2.6.1"
      }
    },
    "arraybuffer.slice": {
      "version": "0.0.7",
      "resolved": "https://registry.npmjs.org/arraybuffer.slice/-/arraybuffer.slice-0.0.7.tgz",
      "integrity": "sha512-wGUIVQXuehL5TCqQun8OW81jGzAWycqzFF8lFp+GOM5BXLYj3bKNsYC4daB7n6XjCqxQA/qgTJ+8ANR3acjrog=="
    },
    "backo2": {
      "version": "1.0.2",
      "resolved": "https://registry.npmjs.org/backo2/-/backo2-1.0.2.tgz",
      "integrity": "sha512-zj6Z6M7Eq+PBZ7PQxl5NT665MvJdAkzp0f60nAJ+sLaSCBPMwVak5ZegFbgVCzFcCJTKFoMizvM5Ld7+JrRJHA=="
    },
    "base64-arraybuffer": {
      "version": "0.1.4",
      "resolved": "https://registry.npmjs.org/base64-arraybuffer/-/base64-arraybuffer-0.1.4.tgz",
      "integrity": "sha512-a1eIFi4R9ySrbiMuyTGx5e92uRH5tQY6kArNcFaKBUleIoLjdjBg7Zxm3Mqm3Kmkf27HLR/1fnxX9q8GQ7Iavg=="
    },
    "blob": {
      "version": "0.0.5",
      "resolved": "https://registry.npmjs.org/blob/-/blob-0.0.5.tgz",
      "integrity": "sha512-gaqbzQPqOoamawKg0LGVd7SzLgXS+JH61oWprSLH+P+abTczqJbhTR8CmJ2u9/bUYNmHTGJx/UEmn6doAvvuig=="
    },
    "cloud-door-client-base": {
      "version": "file:../../commons/client/base",
      "requires": {
        "drivelist": "^6.2.2",
        "lodash": "^4.17.10"
      },
      "dependencies": {
        "ansi-regex": {
          "version": "2.1.1",
          "resolved": false
        },
        "aproba": {
          "version": "1.2.0",
          "resolved": false
        },
        "are-we-there-yet": {
          "version": "1.1.5",
          "resolved": false,
          "requires": {
            "delegates": "^1.0.0",
            "readable-stream": "^2.0.6"
          }
        },
        "argparse": {
          "version": "1.0.10",
          "resolved": false,
          "requires": {
            "sprintf-js": "~1.0.2"
          }
        },
        "bindings": {
          "version": "1.3.0",
          "resolved": false
        },
        "bl": {
          "version": "1.2.2",
          "resolved": false,
          "requires": {
            "readable-stream": "^2.3.5",
            "safe-buffer": "^5.1.1"
          }
        },
        "buffer-alloc": {
          "version": "1.2.0",
          "resolved": false,
          "requires": {
            "buffer-alloc-unsafe": "^1.1.0",
            "buffer-fill": "^1.0.0"
          }
        },
        "buffer-alloc-unsafe": {
          "version": "1.1.0",
          "resolved": false
        },
        "buffer-fill": {
          "version": "1.0.0",
          "resolved": false
        },
        "chownr": {
          "version": "1.0.1",
          "resolved": false
        },
        "code-point-at": {
          "version": "1.1.0",
          "resolved": false
        },
        "console-control-strings": {
          "version": "1.1.0",
          "resolved": false
        },
        "core-util-is": {
          "version": "1.0.2",
          "resolved": false
        },
        "debug": {
          "version": "3.1.0",
          "resolved": false,
          "requires": {
            "ms": "2.0.0"
          }
        },
        "decompress-response": {
          "version": "3.3.0",
          "resolved": false,
          "requires": {
            "mimic-response": "^1.0.0"
          }
        },
        "deep-extend": {
          "version": "0.6.0",
          "resolved": false
        },
        "delegates": {
          "version": "1.0.0",
          "resolved": false
        },
        "detect-libc": {
          "version": "1.0.3",
          "resolved": false
        },
        "drivelist": {
          "version": "6.2.2",
          "resolved": false,
          "requires": {
            "bindings": "^1.3.0",
            "debug": "^3.1.0",
            "fast-plist": "^0.1.2",
            "js-yaml": "^3.11.0",
            "nan": "^2.10.0",
            "prebuild-install": "^4.0.0"
          }
        },
        "end-of-stream": {
          "version": "1.4.1",
          "resolved": false,
          "requires": {
            "once": "^1.4.0"
          }
        },
        "esprima": {
          "version": "4.0.0",
          "resolved": false
        },
        "expand-template": {
          "version": "1.1.1",
          "resolved": false
        },
        "fast-plist": {
          "version": "0.1.2",
          "resolved": false
        },
        "fs-constants": {
          "version": "1.0.0",
          "resolved": false
        },
        "gauge": {
          "version": "2.7.4",
          "resolved": false,
          "requires": {
            "aproba": "^1.0.3",
            "console-control-strings": "^1.0.0",
            "has-unicode": "^2.0.0",
            "object-assign": "^4.1.0",
            "signal-exit": "^3.0.0",
            "string-width": "^1.0.1",
            "strip-ansi": "^3.0.1",
            "wide-align": "^1.1.0"
          }
        },
        "github-from-package": {
          "version": "0.0.0",
          "resolved": false
        },
        "has-unicode": {
          "version": "2.0.1",
          "resolved": false
        },
        "inherits": {
          "version": "2.0.3",
          "resolved": false
        },
        "ini": {
          "version": "1.3.5",
          "resolved": false
        },
        "is-fullwidth-code-point": {
          "version": "1.0.0",
          "resolved": false,
          "requires": {
            "number-is-nan": "^1.0.0"
          }
        },
        "isarray": {
          "version": "1.0.0",
          "resolved": false
        },
        "js-yaml": {
          "version": "3.12.0",
          "resolved": false,
          "requires": {
            "argparse": "^1.0.7",
            "esprima": "^4.0.0"
          }
        },
        "lodash": {
          "version": "4.17.10",
          "resolved": false
        },
        "mimic-response": {
          "version": "1.0.0",
          "resolved": false
        },
        "minimist": {
          "version": "1.2.0",
          "resolved": false
        },
        "mkdirp": {
          "version": "0.5.1",
          "resolved": false,
          "requires": {
            "minimist": "0.0.8"
          },
          "dependencies": {
            "minimist": {
              "version": "0.0.8",
              "resolved": false
            }
          }
        },
        "ms": {
          "version": "2.0.0",
          "resolved": false
        },
        "nan": {
          "version": "2.10.0",
          "resolved": false
        },
        "node-abi": {
          "version": "2.4.1",
          "resolved": false,
          "requires": {
            "semver": "^5.4.1"
          }
        },
        "noop-logger": {
          "version": "0.1.1",
          "resolved": false
        },
        "npmlog": {
          "version": "4.1.2",
          "resolved": false,
          "requires": {
            "are-we-there-yet": "~1.1.2",
            "console-control-strings": "~1.1.0",
            "gauge": "~2.7.3",
            "set-blocking": "~2.0.0"
          }
        },
        "number-is-nan": {
          "version": "1.0.1",
          "resolved": false
        },
        "object-assign": {
          "version": "4.1.1",
          "resolved": false
        },
        "once": {
          "version": "1.4.0",
          "resolved": false,
          "requires": {
            "wrappy": "1"
          }
        },
        "os-homedir": {
          "version": "1.0.2",
          "resolved": false
        },
        "prebuild-install": {
          "version": "4.0.0",
          "resolved": false,
          "requires": {
            "detect-libc": "^1.0.3",
            "expand-template": "^1.0.2",
            "github-from-package": "0.0.0",
            "minimist": "^1.2.0",
            "mkdirp": "^0.5.1",
            "node-abi": "^2.2.0",
            "noop-logger": "^0.1.1",
            "npmlog": "^4.0.1",
            "os-homedir": "^1.0.1",
            "pump": "^2.0.1",
            "rc": "^1.1.6",
            "simple-get": "^2.7.0",
            "tar-fs": "^1.13.0",
            "tunnel-agent": "^0.6.0",
            "which-pm-runs": "^1.0.0"
          }
        },
        "process-nextick-args": {
          "version": "2.0.0",
          "resolved": false
        },
        "pump": {
          "version": "2.0.1",
          "resolved": false,
          "requires": {
            "end-of-stream": "^1.1.0",
            "once": "^1.3.1"
          }
        },
        "rc": {
          "version": "1.2.8",
          "resolved": false,
          "requires": {
            "deep-extend": "^0.6.0",
            "ini": "~1.3.0",
            "minimist": "^1.2.0",
            "strip-json-comments": "~2.0.1"
          }
        },
        "readable-stream": {
          "version": "2.3.6",
          "resolved": false,
          "requires": {
            "core-util-is": "~1.0.0",
            "inherits": "~2.0.3",
            "isarray": "~1.0.0",
            "process-nextick-args": "~2.0.0",
            "safe-buffer": "~5.1.1",
            "string_decoder": "~1.1.1",
            "util-deprecate": "~1.0.1"
          }
        },
        "safe-buffer": {
          "version": "5.1.2",
          "resolved": false
        },
        "semver": {
          "version": "5.5.0",
          "resolved": false
        },
        "set-blocking": {
          "version": "2.0.0",
          "resolved": false
        },
        "signal-exit": {
          "version": "3.0.2",
          "resolved": false
        },
        "simple-concat": {
          "version": "1.0.0",
          "resolved": false
        },
        "simple-get": {
          "version": "2.8.1",
          "resolved": false,
          "requires": {
            "decompress-response": "^3.3.0",
            "once": "^1.3.1",
            "simple-concat": "^1.0.0"
          }
        },
        "sprintf-js": {
          "version": "1.0.3",
          "resolved": false
        },
        "string-width": {
          "version": "1.0.2",
          "resolved": false,
          "requires": {
            "code-point-at": "^1.0.0",
            "is-fullwidth-code-point": "^1.0.0",
            "strip-ansi": "^3.0.0"
          }
        },
        "string_decoder": {
          "version": "1.1.1",
          "resolved": false,
          "requires": {
            "safe-buffer": "~5.1.0"
          }
        },
        "strip-ansi": {
          "version": "3.0.1",
          "resolved": false,
          "requires": {
            "ansi-regex": "^2.0.0"
          }
        },
        "strip-json-comments": {
          "version": "2.0.1",
          "resolved": false
        },
        "tar-fs": {
          "version": "1.16.2",
          "resolved": false,
          "requires": {
            "chownr": "^1.0.1",
            "mkdirp": "^0.5.1",
            "pump": "^1.0.0",
            "tar-stream": "^1.1.2"
          },
          "dependencies": {
            "pump": {
              "version": "1.0.3",
              "resolved": false,
              "requires": {
                "end-of-stream": "^1.1.0",
                "once": "^1.3.1"
              }
            }
          }
        },
        "tar-stream": {
          "version": "1.6.1",
          "resolved": false,
          "requires": {
            "bl": "^1.0.0",
            "buffer-alloc": "^1.1.0",
            "end-of-stream": "^1.0.0",
            "fs-constants": "^1.0.0",
            "readable-stream": "^2.3.0",
            "to-buffer": "^1.1.0",
            "xtend": "^4.0.0"
          }
        },
        "to-buffer": {
          "version": "1.1.1",
          "resolved": false
        },
        "tunnel-agent": {
          "version": "0.6.0",
          "resolved": false,
          "requires": {
            "safe-buffer": "^5.0.1"
          }
        },
        "util-deprecate": {
          "version": "1.0.2",
          "resolved": false
        },
        "which-pm-runs": {
          "version": "1.0.0",
          "resolved": false
        },
        "wide-align": {
          "version": "1.1.3",
          "resolved": false,
          "requires": {
            "string-width": "^1.0.2 || 2"
          }
        },
        "wrappy": {
          "version": "1.0.2",
          "resolved": false
        },
        "xtend": {
          "version": "4.0.1",
          "resolved": false
        }
      }
    },
    "command-line-args": {
      "version": "5.0.2",
      "resolved": "https://npm.f-secure.com/nexus/content/groups/npm-all/command-line-args/-/command-line-args-5.0.2.tgz",
      "integrity": "sha512-/qPcbL8zpqg53x4rAaqMFlRV4opN3pbla7I7k9x8kyOBMQoGT6WltjN6sXZuxOXw6DgdK7Ad+ijYS5gjcr7vlA==",
      "requires": {
        "argv-tools": "^0.1.1",
        "array-back": "^2.0.0",
        "find-replace": "^2.0.1",
        "lodash.camelcase": "^4.3.0",
        "typical": "^2.6.1"
      }
    },
    "component-bind": {
      "version": "1.0.0",
      "resolved": "https://registry.npmjs.org/component-bind/-/component-bind-1.0.0.tgz",
      "integrity": "sha1-AMYIq33Nk4l8AAllGx06jh5zu9E="
    },
    "component-emitter": {
      "version": "1.3.0",
      "resolved": "https://registry.npmjs.org/component-emitter/-/component-emitter-1.3.0.tgz",
      "integrity": "sha512-Rd3se6QB+sO1TwqZjscQrurpEPIfO0/yYnSin6Q/rD3mOutHvUrCAhJub3r90uNb+SESBuE0QYoB90YdfatsRg=="
    },
    "component-inherit": {
      "version": "0.0.3",
      "resolved": "https://registry.npmjs.org/component-inherit/-/component-inherit-0.0.3.tgz",
      "integrity": "sha512-w+LhYREhatpVqTESyGFg3NlP6Iu0kEKUHETY9GoZP/pQyW4mHFZuFWRUCIqVPZ36ueVLtoOEZaAqbCF2RDndaA=="
    },
    "crypto-js": {
      "version": "3.1.8",
      "resolved": "https://npm.f-secure.com/nexus/content/groups/npm-all/crypto-js/-/crypto-js-3.1.8.tgz",
      "integrity": "sha1-cV8HC/YBTyrpkqmLOSkli3E/CNU="
    },
    "debug": {
      "version": "3.1.0",
      "resolved": "https://registry.npmjs.org/debug/-/debug-3.1.0.tgz",
      "integrity": "sha512-OX8XqP7/1a9cqkxYw2yXss15f26NKWBpDXQd0/uK/KPqdQhxbPa994hnzjcE2VqQpDslf55723cKPUOGSmMY3g==",
      "requires": {
        "ms": "2.0.0"
      }
    },
    "engine.io-client": {
      "version": "3.5.3",
      "resolved": "https://registry.npmjs.org/engine.io-client/-/engine.io-client-3.5.3.tgz",
      "integrity": "sha512-qsgyc/CEhJ6cgMUwxRRtOndGVhIu5hpL5tR4umSpmX/MvkFoIxUTM7oFMDQumHNzlNLwSVy6qhstFPoWTf7dOw==",
      "requires": {
        "component-emitter": "~1.3.0",
        "component-inherit": "0.0.3",
        "debug": "~3.1.0",
        "engine.io-parser": "~2.2.0",
        "has-cors": "1.1.0",
        "indexof": "0.0.1",
        "parseqs": "0.0.6",
        "parseuri": "0.0.6",
        "ws": "~7.4.2",
        "xmlhttprequest-ssl": "~1.6.2",
        "yeast": "0.1.2"
      }
    },
    "engine.io-parser": {
      "version": "2.2.1",
      "resolved": "https://registry.npmjs.org/engine.io-parser/-/engine.io-parser-2.2.1.tgz",
      "integrity": "sha512-x+dN/fBH8Ro8TFwJ+rkB2AmuVw9Yu2mockR/p3W8f8YtExwFgDvBDi0GWyb4ZLkpahtDGZgtr3zLovanJghPqg==",
      "requires": {
        "after": "0.8.2",
        "arraybuffer.slice": "~0.0.7",
        "base64-arraybuffer": "0.1.4",
        "blob": "0.0.5",
        "has-binary2": "~1.0.2"
      }
    },
    "find-replace": {
      "version": "2.0.1",
      "resolved": "https://npm.f-secure.com/nexus/content/groups/npm-all/find-replace/-/find-replace-2.0.1.tgz",
      "integrity": "sha512-LzDo3Fpa30FLIBsh6DCDnMN1KW2g4QKkqKmejlImgWY67dDFPX/x9Kh/op/GK522DchQXEvDi/wD48HKW49XOQ==",
      "requires": {
        "array-back": "^2.0.0",
        "test-value": "^3.0.0"
      }
    },
    "g-crypt": {
      "version": "1.1.0",
      "resolved": "https://npm.f-secure.com/nexus/content/groups/npm-all/g-crypt/-/g-crypt-1.1.0.tgz",
      "integrity": "sha1-jFzDlnGExiMmCtbZePJ8+ciDesE=",
      "requires": {
        "crypto-js": "^3.1.6"
      }
    },
    "has-binary2": {
      "version": "1.0.3",
      "resolved": "https://registry.npmjs.org/has-binary2/-/has-binary2-1.0.3.tgz",
      "integrity": "sha512-G1LWKhDSvhGeAQ8mPVQlqNcOB2sJdwATtZKl2pDKKHfpf/rYj24lkinxf69blJbnsvtqqNU+L3SL50vzZhXOnw==",
      "requires": {
        "isarray": "2.0.1"
      }
    },
    "has-cors": {
      "version": "1.1.0",
      "resolved": "https://registry.npmjs.org/has-cors/-/has-cors-1.1.0.tgz",
      "integrity": "sha512-g5VNKdkFuUuVCP9gYfDJHjK2nqdQJ7aDLTnycnc2+RvsOQbuLdF5pm7vuE5J76SEBIQjs4kQY/BWq74JUmjbXA=="
    },
    "indexof": {
      "version": "0.0.1",
      "resolved": "https://registry.npmjs.org/indexof/-/indexof-0.0.1.tgz",
      "integrity": "sha512-i0G7hLJ1z0DE8dsqJa2rycj9dBmNKgXBvotXtZYXakU9oivfB9Uj2ZBC27qqef2U58/ZLwalxa1X/RDCdkHtVg=="
    },
    "isarray": {
      "version": "2.0.1",
      "resolved": "https://registry.npmjs.org/isarray/-/isarray-2.0.1.tgz",
      "integrity": "sha512-c2cu3UxbI+b6kR3fy0nRnAhodsvR9dx7U5+znCOzdj6IfP3upFURTr0Xl5BlQZNKZjEtxrmVyfSdeE3O57smoQ=="
    },
    "lodash.camelcase": {
      "version": "4.3.0",
      "resolved": "https://npm.f-secure.com/nexus/content/groups/npm-all/lodash.camelcase/-/lodash.camelcase-4.3.0.tgz",
      "integrity": "sha1-soqmKIorn8ZRA1x3EfZathkDMaY="
    },
    "ms": {
      "version": "2.0.0",
      "resolved": "https://registry.npmjs.org/ms/-/ms-2.0.0.tgz",
      "integrity": "sha512-Tpp60P6IUJDTuOq/5Z8cdskzJujfwqfOTkrwIwj7IRISpnkJnT6SyJ4PCPnGMoFjC9ddhal5KVIYtAt97ix05A=="
    },
    "parseqs": {
      "version": "0.0.6",
      "resolved": "https://registry.npmjs.org/parseqs/-/parseqs-0.0.6.tgz",
      "integrity": "sha512-jeAGzMDbfSHHA091hr0r31eYfTig+29g3GKKE/PPbEQ65X0lmMwlEoqmhzu0iztID5uJpZsFlUPDP8ThPL7M8w=="
    },
    "parseuri": {
      "version": "0.0.6",
      "resolved": "https://registry.npmjs.org/parseuri/-/parseuri-0.0.6.tgz",
      "integrity": "sha512-AUjen8sAkGgao7UyCX6Ahv0gIK2fABKmYjvP4xmy5JaKvcbTRueIqIPHLAfq30xJddqSE033IOMUSOMCcK3Sow=="
    },
    "socket.io-client": {
      "version": "2.4.0",
      "resolved": "https://registry.npmjs.org/socket.io-client/-/socket.io-client-2.4.0.tgz",
      "integrity": "sha512-M6xhnKQHuuZd4Ba9vltCLT9oa+YvTsP8j9NcEiLElfIg8KeYPyhWOes6x4t+LTAC8enQbE/995AdTem2uNyKKQ==",
      "requires": {
        "backo2": "1.0.2",
        "component-bind": "1.0.0",
        "component-emitter": "~1.3.0",
        "debug": "~3.1.0",
        "engine.io-client": "~3.5.0",
        "has-binary2": "~1.0.2",
        "indexof": "0.0.1",
        "parseqs": "0.0.6",
        "parseuri": "0.0.6",
        "socket.io-parser": "~3.3.0",
        "to-array": "0.1.4"
      }
    },
    "socket.io-parser": {
      "version": "3.3.2",
      "resolved": "https://registry.npmjs.org/socket.io-parser/-/socket.io-parser-3.3.2.tgz",
      "integrity": "sha512-FJvDBuOALxdCI9qwRrO/Rfp9yfndRtc1jSgVgV8FDraihmSP/MLGD5PEuJrNfjALvcQ+vMDM/33AWOYP/JSjDg==",
      "requires": {
        "component-emitter": "~1.3.0",
        "debug": "~3.1.0",
        "isarray": "2.0.1"
      }
    },
    "socket.io-stream": {
      "version": "0.9.1",
      "resolved": "https://npm.f-secure.com/nexus/content/groups/npm-all/socket.io-stream/-/socket.io-stream-0.9.1.tgz",
      "integrity": "sha1-QhJYMWKIuDrGk7DUPv0J1tQ6upc=",
      "requires": {
        "component-bind": "~1.0.0",
        "debug": "~2.2.0"
      },
      "dependencies": {
        "debug": {
          "version": "2.2.0",
          "resolved": "https://npm.f-secure.com/nexus/content/groups/npm-all/debug/-/debug-2.2.0.tgz",
          "integrity": "sha1-+HBX6ZWxofauaklgZkE3vFbwOdo=",
          "requires": {
            "ms": "0.7.1"
          }
        },
        "ms": {
          "version": "0.7.1",
          "resolved": "https://npm.f-secure.com/nexus/content/groups/npm-all/ms/-/ms-0.7.1.tgz",
          "integrity": "sha1-nNE8A62/8ltl7/3nzoZO6VIBcJg="
        }
      }
    },
    "test-value": {
      "version": "3.0.0",
      "resolved": "https://npm.f-secure.com/nexus/content/groups/npm-all/test-value/-/test-value-3.0.0.tgz",
      "integrity": "sha512-sVACdAWcZkSU9x7AOmJo5TqE+GyNJknHaHsMrR6ZnhjVlVN9Yx6FjHrsKZ3BjIpPCT68zYesPWkakrNupwfOTQ==",
      "requires": {
        "array-back": "^2.0.0",
        "typical": "^2.6.1"
      }
    },
    "to-array": {
      "version": "0.1.4",
      "resolved": "https://registry.npmjs.org/to-array/-/to-array-0.1.4.tgz",
      "integrity": "sha512-LhVdShQD/4Mk4zXNroIQZJC+Ap3zgLcDuwEdcmLv9CCO73NWockQDwyUnW/m8VX/EElfL6FcYx7EeutN4HJA6A=="
    },
    "typical": {
      "version": "2.6.1",
      "resolved": "https://npm.f-secure.com/nexus/content/groups/npm-all/typical/-/typical-2.6.1.tgz",
      "integrity": "sha1-XAgOXWYcu+OCWdLnCjxyU+hziB0="
    },
    "ws": {
      "version": "7.4.6",
      "resolved": "https://registry.npmjs.org/ws/-/ws-7.4.6.tgz",
      "integrity": "sha512-YmhHDO4MzaDLB+M9ym/mDA5z0naX8j7SIlT8f8z+I0VtzsRbekxEutHSme7NPS2qE8StCYQNUnfWdXta/Yu85A=="
    },
    "xmlhttprequest-ssl": {
      "version": "1.6.3",
      "resolved": "https://registry.npmjs.org/xmlhttprequest-ssl/-/xmlhttprequest-ssl-1.6.3.tgz",
      "integrity": "sha512-3XfeQE/wNkvrIktn2Kf0869fC0BN6UpydVasGIeSm2B1Llihf7/0UfZM+eCkOw3P7bP4+qPgqhm7ZoxuJtFU0Q=="
    },
    "yeast": {
      "version": "0.1.2",
      "resolved": "https://registry.npmjs.org/yeast/-/yeast-0.1.2.tgz",
      "integrity": "sha512-8HFIh676uyGYP6wP13R/j6OJ/1HwJ46snpvzE7aHAN3Ryqh2yX6Xox2B4CUmTwwOIzlG3Bs7ocsP5dZH/R1Qbg=="
    }
  }
}
